
Microsoft Visual Studio Solution File, Format Version 12.00
# Visual Studio Version 17
VisualStudioVersion = 17.2.32630.192
MinimumVisualStudioVersion = 10.0.40219.1
Project("{FAE04EC0-301F-11D3-BF4B-00C04F79EFBC}") = "cineLabo", "cineLabo.csproj", "{49F9838E-FDAA-4299-A46F-61A28FAC2743}"
EndProject
Global
	GlobalSection(SolutionConfigurationPlatforms) = preSolution
		Debug|Any CPU = Debug|Any CPU
		Release|Any CPU = Release|Any CPU
	EndGlobalSection
	GlobalSection(ProjectConfigurationPlatforms) = postSolution
		{49F9838E-FDAA-4299-A46F-61A28FAC2743}.Debug|Any CPU.ActiveCfg = Debug|Any CPU
		{49F9838E-FDAA-4299-A46F-61A28FAC2743}.Debug|Any CPU.Build.0 = Debug|Any CPU
		{49F9838E-FDAA-4299-A46F-61A28FAC2743}.Release|Any CPU.ActiveCfg = Release|Any CPU
		{49F9838E-FDAA-4299-A46F-61A28FAC2743}.Release|Any CPU.Build.0 = Release|Any CPU
	EndGlobalSection
	GlobalSection(SolutionProperties) = preSolution
		HideSolutionNode = FALSE
	EndGlobalSection
	GlobalSection(ExtensibilityGlobals) = postSolution
		SolutionGuid = {DCF4C549-F21B-44B8-B140-6F7938509EC0}
	EndGlobalSection
EndGlobal
